// !$*UTF8*$!
{
	archiveVersion = 1;
	classes = {
	};
	objectVersion = 56;
	objects = {

/* Begin PBXBuildFile section */
		CA4E2C9929CF779C00F2A53E /* PlayerModel.swift in Sources */ = {isa = PBXBuildFile; fileRef = CA4E2C9829CF779C00F2A53E /* PlayerModel.swift */; };
		CA4E2C9B29CF781700F2A53E /* CodableBundleExtension.swift in Sources */ = {isa = PBXBuildFile; fileRef = CA4E2C9A29CF781700F2A53E /* CodableBundleExtension.swift */; };
		CA4E2C9D29CF793900F2A53E /* FeaturedItemView.swift in Sources */ = {isa = PBXBuildFile; fileRef = CA4E2C9C29CF793900F2A53E /* FeaturedItemView.swift */; };
		CA4E2C9F29CF79AE00F2A53E /* FeaturedTabView.swift in Sources */ = {isa = PBXBuildFile; fileRef = CA4E2C9E29CF79AE00F2A53E /* FeaturedTabView.swift */; };
		CA4E2CA329D2202100F2A53E /* CategoryModel.swift in Sources */ = {isa = PBXBuildFile; fileRef = CA4E2CA229D2202100F2A53E /* CategoryModel.swift */; };
		CA4E2CA529D220D900F2A53E /* CategoryItemView.swift in Sources */ = {isa = PBXBuildFile; fileRef = CA4E2CA429D220D900F2A53E /* CategoryItemView.swift */; };
		CA4E2CA729D2227000F2A53E /* CategoryGridView.swift in Sources */ = {isa = PBXBuildFile; fileRef = CA4E2CA629D2227000F2A53E /* CategoryGridView.swift */; };
		CA4E2CA929D223FB00F2A53E /* SectionView.swift in Sources */ = {isa = PBXBuildFile; fileRef = CA4E2CA829D223FB00F2A53E /* SectionView.swift */; };
		CA8DB55629BDEA0B001E586A /* TouchDown_SwiftUIApp.swift in Sources */ = {isa = PBXBuildFile; fileRef = CA8DB55529BDEA0B001E586A /* TouchDown_SwiftUIApp.swift */; };
		CA8DB55829BDEA0B001E586A /* ContentView.swift in Sources */ = {isa = PBXBuildFile; fileRef = CA8DB55729BDEA0B001E586A /* ContentView.swift */; };
		CA8DB55A29BDEA0D001E586A /* Assets.xcassets in Resources */ = {isa = PBXBuildFile; fileRef = CA8DB55929BDEA0D001E586A /* Assets.xcassets */; };
		CA8DB55D29BDEA0D001E586A /* Preview Assets.xcassets in Resources */ = {isa = PBXBuildFile; fileRef = CA8DB55C29BDEA0D001E586A /* Preview Assets.xcassets */; };
		CA8DB56829BFB5CA001E586A /* player.json in Resources */ = {isa = PBXBuildFile; fileRef = CA8DB56429BFB5CA001E586A /* player.json */; };
		CA8DB56929BFB5CA001E586A /* brand.json in Resources */ = {isa = PBXBuildFile; fileRef = CA8DB56529BFB5CA001E586A /* brand.json */; };
		CA8DB56A29BFB5CA001E586A /* category.json in Resources */ = {isa = PBXBuildFile; fileRef = CA8DB56629BFB5CA001E586A /* category.json */; };
		CA8DB56B29BFB5CA001E586A /* product.json in Resources */ = {isa = PBXBuildFile; fileRef = CA8DB56729BFB5CA001E586A /* product.json */; };
		CA8DB57529BFB6AA001E586A /* Constants.swift in Sources */ = {isa = PBXBuildFile; fileRef = CA8DB57429BFB6AA001E586A /* Constants.swift */; };
		CA8DB57929BFB737001E586A /* FooterView.swift in Sources */ = {isa = PBXBuildFile; fileRef = CA8DB57829BFB737001E586A /* FooterView.swift */; };
		CA8DB57B29BFB8B3001E586A /* NavigationBarView.swift in Sources */ = {isa = PBXBuildFile; fileRef = CA8DB57A29BFB8B3001E586A /* NavigationBarView.swift */; };
		CA8DB57D29BFB9E2001E586A /* LogoView.swift in Sources */ = {isa = PBXBuildFile; fileRef = CA8DB57C29BFB9E2001E586A /* LogoView.swift */; };
/* End PBXBuildFile section */

/* Begin PBXFileReference section */
		CA4E2C9829CF779C00F2A53E /* PlayerModel.swift */ = {isa = PBXFileReference; lastKnownFileType = sourcecode.swift; path = PlayerModel.swift; sourceTree = "<group>"; };
		CA4E2C9A29CF781700F2A53E /* CodableBundleExtension.swift */ = {isa = PBXFileReference; lastKnownFileType = sourcecode.swift; path = CodableBundleExtension.swift; sourceTree = "<group>"; };
		CA4E2C9C29CF793900F2A53E /* FeaturedItemView.swift */ = {isa = PBXFileReference; lastKnownFileType = sourcecode.swift; path = FeaturedItemView.swift; sourceTree = "<group>"; };
		CA4E2C9E29CF79AE00F2A53E /* FeaturedTabView.swift */ = {isa = PBXFileReference; lastKnownFileType = sourcecode.swift; path = FeaturedTabView.swift; sourceTree = "<group>"; };
		CA4E2CA229D2202100F2A53E /* CategoryModel.swift */ = {isa = PBXFileReference; lastKnownFileType = sourcecode.swift; path = CategoryModel.swift; sourceTree = "<group>"; };
		CA4E2CA429D220D900F2A53E /* CategoryItemView.swift */ = {isa = PBXFileReference; lastKnownFileType = sourcecode.swift; path = CategoryItemView.swift; sourceTree = "<group>"; };
		CA4E2CA629D2227000F2A53E /* CategoryGridView.swift */ = {isa = PBXFileReference; lastKnownFileType = sourcecode.swift; path = CategoryGridView.swift; sourceTree = "<group>"; };
		CA4E2CA829D223FB00F2A53E /* SectionView.swift */ = {isa = PBXFileReference; lastKnownFileType = sourcecode.swift; path = SectionView.swift; sourceTree = "<group>"; };
		CA8DB55229BDEA0B001E586A /* TouchDown_SwiftUI.app */ = {isa = PBXFileReference; explicitFileType = wrapper.application; includeInIndex = 0; path = TouchDown_SwiftUI.app; sourceTree = BUILT_PRODUCTS_DIR; };
		CA8DB55529BDEA0B001E586A /* TouchDown_SwiftUIApp.swift */ = {isa = PBXFileReference; lastKnownFileType = sourcecode.swift; path = TouchDown_SwiftUIApp.swift; sourceTree = "<group>"; };
		CA8DB55729BDEA0B001E586A /* ContentView.swift */ = {isa = PBXFileReference; lastKnownFileType = sourcecode.swift; path = ContentView.swift; sourceTree = "<group>"; };
		CA8DB55929BDEA0D001E586A /* Assets.xcassets */ = {isa = PBXFileReference; lastKnownFileType = folder.assetcatalog; path = Assets.xcassets; sourceTree = "<group>"; };
		CA8DB55C29BDEA0D001E586A /* Preview Assets.xcassets */ = {isa = PBXFileReference; lastKnownFileType = folder.assetcatalog; path = "Preview Assets.xcassets"; sourceTree = "<group>"; };
		CA8DB56429BFB5CA001E586A /* player.json */ = {isa = PBXFileReference; fileEncoding = 4; lastKnownFileType = text.json; path = player.json; sourceTree = "<group>"; };
		CA8DB56529BFB5CA001E586A /* brand.json */ = {isa = PBXFileReference; fileEncoding = 4; lastKnownFileType = text.json; path = brand.json; sourceTree = "<group>"; };
		CA8DB56629BFB5CA001E586A /* category.json */ = {isa = PBXFileReference; fileEncoding = 4; lastKnownFileType = text.json; path = category.json; sourceTree = "<group>"; };
		CA8DB56729BFB5CA001E586A /* product.json */ = {isa = PBXFileReference; fileEncoding = 4; lastKnownFileType = text.json; path = product.json; sourceTree = "<group>"; };
		CA8DB56C29BFB5EB001E586A /* TouchDown-SwiftUI-Info.plist */ = {isa = PBXFileReference; lastKnownFileType = text.plist; path = "TouchDown-SwiftUI-Info.plist"; sourceTree = SOURCE_ROOT; };
		CA8DB57429BFB6AA001E586A /* Constants.swift */ = {isa = PBXFileReference; lastKnownFileType = sourcecode.swift; path = Constants.swift; sourceTree = "<group>"; };
		CA8DB57829BFB737001E586A /* FooterView.swift */ = {isa = PBXFileReference; lastKnownFileType = sourcecode.swift; path = FooterView.swift; sourceTree = "<group>"; };
		CA8DB57A29BFB8B3001E586A /* NavigationBarView.swift */ = {isa = PBXFileReference; lastKnownFileType = sourcecode.swift; path = NavigationBarView.swift; sourceTree = "<group>"; };
		CA8DB57C29BFB9E2001E586A /* LogoView.swift */ = {isa = PBXFileReference; lastKnownFileType = sourcecode.swift; path = LogoView.swift; sourceTree = "<group>"; };
/* End PBXFileReference section */

/* Begin PBXFrameworksBuildPhase section */
		CA8DB54F29BDEA0B001E586A /* Frameworks */ = {
			isa = PBXFrameworksBuildPhase;
			buildActionMask = 2147483647;
			files = (
			);
			runOnlyForDeploymentPostprocessing = 0;
		};
/* End PBXFrameworksBuildPhase section */

/* Begin PBXGroup section */
		CA8DB54929BDEA0B001E586A = {
			isa = PBXGroup;
			children = (
				CA8DB55429BDEA0B001E586A /* TouchDown_SwiftUI */,
				CA8DB55329BDEA0B001E586A /* Products */,
			);
			sourceTree = "<group>";
		};
		CA8DB55329BDEA0B001E586A /* Products */ = {
			isa = PBXGroup;
			children = (
				CA8DB55229BDEA0B001E586A /* TouchDown_SwiftUI.app */,
			);
			name = Products;
			sourceTree = "<group>";
		};
		CA8DB55429BDEA0B001E586A /* TouchDown_SwiftUI */ = {
			isa = PBXGroup;
			children = (
				CA8DB56D29BFB637001E586A /* App */,
				CA8DB57329BFB689001E586A /* Utility */,
				CA8DB57229BFB682001E586A /* Extension */,
				CA8DB56E29BFB649001E586A /* Model */,
				CA8DB56F29BFB651001E586A /* View */,
				CA8DB56C29BFB5EB001E586A /* TouchDown-SwiftUI-Info.plist */,
				CA8DB56329BFB5B9001E586A /* Data */,
				CA8DB55929BDEA0D001E586A /* Assets.xcassets */,
				CA8DB55B29BDEA0D001E586A /* Preview Content */,
			);
			path = TouchDown_SwiftUI;
			sourceTree = "<group>";
		};
		CA8DB55B29BDEA0D001E586A /* Preview Content */ = {
			isa = PBXGroup;
			children = (
				CA8DB55C29BDEA0D001E586A /* Preview Assets.xcassets */,
			);
			path = "Preview Content";
			sourceTree = "<group>";
		};
		CA8DB56329BFB5B9001E586A /* Data */ = {
			isa = PBXGroup;
			children = (
				CA8DB56529BFB5CA001E586A /* brand.json */,
				CA8DB56629BFB5CA001E586A /* category.json */,
				CA8DB56429BFB5CA001E586A /* player.json */,
				CA8DB56729BFB5CA001E586A /* product.json */,
			);
			path = Data;
			sourceTree = "<group>";
		};
		CA8DB56D29BFB637001E586A /* App */ = {
			isa = PBXGroup;
			children = (
				CA8DB55529BDEA0B001E586A /* TouchDown_SwiftUIApp.swift */,
				CA8DB55729BDEA0B001E586A /* ContentView.swift */,
			);
			path = App;
			sourceTree = "<group>";
		};
		CA8DB56E29BFB649001E586A /* Model */ = {
			isa = PBXGroup;
			children = (
				CA4E2C9829CF779C00F2A53E /* PlayerModel.swift */,
				CA4E2CA229D2202100F2A53E /* CategoryModel.swift */,
			);
			path = Model;
			sourceTree = "<group>";
		};
		CA8DB56F29BFB651001E586A /* View */ = {
			isa = PBXGroup;
			children = (
				CA8DB57129BFB66F001E586A /* Home */,
				CA8DB57029BFB664001E586A /* Detail */,
			);
			path = View;
			sourceTree = "<group>";
		};
		CA8DB57029BFB664001E586A /* Detail */ = {
			isa = PBXGroup;
			children = (
			);
			path = Detail;
			sourceTree = "<group>";
		};
		CA8DB57129BFB66F001E586A /* Home */ = {
			isa = PBXGroup;
			children = (
				CA8DB57829BFB737001E586A /* FooterView.swift */,
				CA8DB57A29BFB8B3001E586A /* NavigationBarView.swift */,
				CA8DB57C29BFB9E2001E586A /* LogoView.swift */,
				CA4E2C9C29CF793900F2A53E /* FeaturedItemView.swift */,
				CA4E2C9E29CF79AE00F2A53E /* FeaturedTabView.swift */,
				CA4E2CA429D220D900F2A53E /* CategoryItemView.swift */,
				CA4E2CA629D2227000F2A53E /* CategoryGridView.swift */,
				CA4E2CA829D223FB00F2A53E /* SectionView.swift */,
			);
			path = Home;
			sourceTree = "<group>";
		};
		CA8DB57229BFB682001E586A /* Extension */ = {
			isa = PBXGroup;
			children = (
				CA4E2C9A29CF781700F2A53E /* CodableBundleExtension.swift */,
			);
			path = Extension;
			sourceTree = "<group>";
		};
		CA8DB57329BFB689001E586A /* Utility */ = {
			isa = PBXGroup;
			children = (
				CA8DB57429BFB6AA001E586A /* Constants.swift */,
			);
			path = Utility;
			sourceTree = "<group>";
		};
/* End PBXGroup section */

/* Begin PBXNativeTarget section */
		CA8DB55129BDEA0B001E586A /* TouchDown_SwiftUI */ = {
			isa = PBXNativeTarget;
			buildConfigurationList = CA8DB56029BDEA0D001E586A /* Build configuration list for PBXNativeTarget "TouchDown_SwiftUI" */;
			buildPhases = (
				CA8DB54E29BDEA0B001E586A /* Sources */,
				CA8DB54F29BDEA0B001E586A /* Frameworks */,
				CA8DB55029BDEA0B001E586A /* Resources */,
			);
			buildRules = (
			);
			dependencies = (
			);
			name = TouchDown_SwiftUI;
			productName = TouchDown_SwiftUI;
			productReference = CA8DB55229BDEA0B001E586A /* TouchDown_SwiftUI.app */;
			productType = "com.apple.product-type.application";
		};
/* End PBXNativeTarget section */

/* Begin PBXProject section */
		CA8DB54A29BDEA0B001E586A /* Project object */ = {
			isa = PBXProject;
			attributes = {
				BuildIndependentTargetsInParallel = 1;
				LastSwiftUpdateCheck = 1420;
				LastUpgradeCheck = 1420;
				TargetAttributes = {
					CA8DB55129BDEA0B001E586A = {
						CreatedOnToolsVersion = 14.2;
					};
				};
			};
			buildConfigurationList = CA8DB54D29BDEA0B001E586A /* Build configuration list for PBXProject "TouchDown_SwiftUI" */;
			compatibilityVersion = "Xcode 14.0";
			developmentRegion = en;
			hasScannedForEncodings = 0;
			knownRegions = (
				en,
				Base,
			);
			mainGroup = CA8DB54929BDEA0B001E586A;
			productRefGroup = CA8DB55329BDEA0B001E586A /* Products */;
			projectDirPath = "";
			projectRoot = "";
			targets = (
				CA8DB55129BDEA0B001E586A /* TouchDown_SwiftUI */,
			);
		};
/* End PBXProject section */

/* Begin PBXResourcesBuildPhase section */
		CA8DB55029BDEA0B001E586A /* Resources */ = {
			isa = PBXResourcesBuildPhase;
			buildActionMask = 2147483647;
			files = (
				CA8DB56829BFB5CA001E586A /* player.json in Resources */,
				CA8DB56929BFB5CA001E586A /* brand.json in Resources */,
				CA8DB56A29BFB5CA001E586A /* category.json in Resources */,
				CA8DB55D29BDEA0D001E586A /* Preview Assets.xcassets in Resources */,
				CA8DB55A29BDEA0D001E586A /* Assets.xcassets in Resources */,
				CA8DB56B29BFB5CA001E586A /* product.json in Resources */,
			);
			runOnlyForDeploymentPostprocessing = 0;
		};
/* End PBXResourcesBuildPhase section */

/* Begin PBXSourcesBuildPhase section */
		CA8DB54E29BDEA0B001E586A /* Sources */ = {
			isa = PBXSourcesBuildPhase;
			buildActionMask = 2147483647;
			files = (
				CA4E2C9B29CF781700F2A53E /* CodableBundleExtension.swift in Sources */,
				CA8DB55829BDEA0B001E586A /* ContentView.swift in Sources */,
				CA8DB57D29BFB9E2001E586A /* LogoView.swift in Sources */,
				CA8DB57929BFB737001E586A /* FooterView.swift in Sources */,
				CA4E2C9D29CF793900F2A53E /* FeaturedItemView.swift in Sources */,
				CA8DB55629BDEA0B001E586A /* TouchDown_SwiftUIApp.swift in Sources */,
				CA8DB57529BFB6AA001E586A /* Constants.swift in Sources */,
				CA4E2CA729D2227000F2A53E /* CategoryGridView.swift in Sources */,
				CA4E2CA329D2202100F2A53E /* CategoryModel.swift in Sources */,
				CA8DB57B29BFB8B3001E586A /* NavigationBarView.swift in Sources */,
				CA4E2CA929D223FB00F2A53E /* SectionView.swift in Sources */,
				CA4E2C9F29CF79AE00F2A53E /* FeaturedTabView.swift in Sources */,
				CA4E2CA529D220D900F2A53E /* CategoryItemView.swift in Sources */,
				CA4E2C9929CF779C00F2A53E /* PlayerModel.swift in Sources */,
			);
			runOnlyForDeploymentPostprocessing = 0;
		};
/* End PBXSourcesBuildPhase section */

/* Begin XCBuildConfiguration section */
		CA8DB55E29BDEA0D001E586A /* Debug */ = {
			isa = XCBuildConfiguration;
			buildSettings = {
				ALWAYS_SEARCH_USER_PATHS = NO;
				CLANG_ANALYZER_NONNULL = YES;
				CLANG_ANALYZER_NUMBER_OBJECT_CONVERSION = YES_AGGRESSIVE;
				CLANG_CXX_LANGUAGE_STANDARD = "gnu++20";
				CLANG_ENABLE_MODULES = YES;
				CLANG_ENABLE_OBJC_ARC = YES;
				CLANG_ENABLE_OBJC_WEAK = YES;
				CLANG_WARN_BLOCK_CAPTURE_AUTORELEASING = YES;
				CLANG_WARN_BOOL_CONVERSION = YES;
				CLANG_WARN_COMMA = YES;
				CLANG_WARN_CONSTANT_CONVERSION = YES;
				CLANG_WARN_DEPRECATED_OBJC_IMPLEMENTATIONS = YES;
				CLANG_WARN_DIRECT_OBJC_ISA_USAGE = YES_ERROR;
				CLANG_WARN_DOCUMENTATION_COMMENTS = YES;
				CLANG_WARN_EMPTY_BODY = YES;
				CLANG_WARN_ENUM_CONVERSION = YES;
				CLANG_WARN_INFINITE_RECURSION = YES;
				CLANG_WARN_INT_CONVERSION = YES;
				CLANG_WARN_NON_LITERAL_NULL_CONVERSION = YES;
				CLANG_WARN_OBJC_IMPLICIT_RETAIN_SELF = YES;
				CLANG_WARN_OBJC_LITERAL_CONVERSION = YES;
				CLANG_WARN_OBJC_ROOT_CLASS = YES_ERROR;
				CLANG_WARN_QUOTED_INCLUDE_IN_FRAMEWORK_HEADER = YES;
				CLANG_WARN_RANGE_LOOP_ANALYSIS = YES;
				CLANG_WARN_STRICT_PROTOTYPES = YES;
				CLANG_WARN_SUSPICIOUS_MOVE = YES;
				CLANG_WARN_UNGUARDED_AVAILABILITY = YES_AGGRESSIVE;
				CLANG_WARN_UNREACHABLE_CODE = YES;
				CLANG_WARN__DUPLICATE_METHOD_MATCH = YES;
				COPY_PHASE_STRIP = NO;
				DEBUG_INFORMATION_FORMAT = dwarf;
				ENABLE_STRICT_OBJC_MSGSEND = YES;
				ENABLE_TESTABILITY = YES;
				GCC_C_LANGUAGE_STANDARD = gnu11;
				GCC_DYNAMIC_NO_PIC = NO;
				GCC_NO_COMMON_BLOCKS = YES;
				GCC_OPTIMIZATION_LEVEL = 0;
				GCC_PREPROCESSOR_DEFINITIONS = (
					"DEBUG=1",
					"$(inherited)",
				);
				GCC_WARN_64_TO_32_BIT_CONVERSION = YES;
				GCC_WARN_ABOUT_RETURN_TYPE = YES_ERROR;
				GCC_WARN_UNDECLARED_SELECTOR = YES;
				GCC_WARN_UNINITIALIZED_AUTOS = YES_AGGRESSIVE;
				GCC_WARN_UNUSED_FUNCTION = YES;
				GCC_WARN_UNUSED_VARIABLE = YES;
				IPHONEOS_DEPLOYMENT_TARGET = 16.2;
				MTL_ENABLE_DEBUG_INFO = INCLUDE_SOURCE;
				MTL_FAST_MATH = YES;
				ONLY_ACTIVE_ARCH = YES;
				SDKROOT = iphoneos;
				SWIFT_ACTIVE_COMPILATION_CONDITIONS = DEBUG;
				SWIFT_OPTIMIZATION_LEVEL = "-Onone";
			};
			name = Debug;
		};
		CA8DB55F29BDEA0D001E586A /* Release */ = {
			isa = XCBuildConfiguration;
			buildSettings = {
				ALWAYS_SEARCH_USER_PATHS = NO;
				CLANG_ANALYZER_NONNULL = YES;
				CLANG_ANALYZER_NUMBER_OBJECT_CONVERSION = YES_AGGRESSIVE;
				CLANG_CXX_LANGUAGE_STANDARD = "gnu++20";
				CLANG_ENABLE_MODULES = YES;
				CLANG_ENABLE_OBJC_ARC = YES;
				CLANG_ENABLE_OBJC_WEAK = YES;
				CLANG_WARN_BLOCK_CAPTURE_AUTORELEASING = YES;
				CLANG_WARN_BOOL_CONVERSION = YES;
				CLANG_WARN_COMMA = YES;
				CLANG_WARN_CONSTANT_CONVERSION = YES;
				CLANG_WARN_DEPRECATED_OBJC_IMPLEMENTATIONS = YES;
				CLANG_WARN_DIRECT_OBJC_ISA_USAGE = YES_ERROR;
				CLANG_WARN_DOCUMENTATION_COMMENTS = YES;
				CLANG_WARN_EMPTY_BODY = YES;
				CLANG_WARN_ENUM_CONVERSION = YES;
				CLANG_WARN_INFINITE_RECURSION = YES;
				CLANG_WARN_INT_CONVERSION = YES;
				CLANG_WARN_NON_LITERAL_NULL_CONVERSION = YES;
				CLANG_WARN_OBJC_IMPLICIT_RETAIN_SELF = YES;
				CLANG_WARN_OBJC_LITERAL_CONVERSION = YES;
				CLANG_WARN_OBJC_ROOT_CLASS = YES_ERROR;
				CLANG_WARN_QUOTED_INCLUDE_IN_FRAMEWORK_HEADER = YES;
				CLANG_WARN_RANGE_LOOP_ANALYSIS = YES;
				CLANG_WARN_STRICT_PROTOTYPES = YES;
				CLANG_WARN_SUSPICIOUS_MOVE = YES;
				CLANG_WARN_UNGUARDED_AVAILABILITY = YES_AGGRESSIVE;
				CLANG_WARN_UNREACHABLE_CODE = YES;
				CLANG_WARN__DUPLICATE_METHOD_MATCH = YES;
				COPY_PHASE_STRIP = NO;
				DEBUG_INFORMATION_FORMAT = "dwarf-with-dsym";
				ENABLE_NS_ASSERTIONS = NO;
				ENABLE_STRICT_OBJC_MSGSEND = YES;
				GCC_C_LANGUAGE_STANDARD = gnu11;
				GCC_NO_COMMON_BLOCKS = YES;
				GCC_WARN_64_TO_32_BIT_CONVERSION = YES;
				GCC_WARN_ABOUT_RETURN_TYPE = YES_ERROR;
				GCC_WARN_UNDECLARED_SELECTOR = YES;
				GCC_WARN_UNINITIALIZED_AUTOS = YES_AGGRESSIVE;
				GCC_WARN_UNUSED_FUNCTION = YES;
				GCC_WARN_UNUSED_VARIABLE = YES;
				IPHONEOS_DEPLOYMENT_TARGET = 16.2;
				MTL_ENABLE_DEBUG_INFO = NO;
				MTL_FAST_MATH = YES;
				SDKROOT = iphoneos;
				SWIFT_COMPILATION_MODE = wholemodule;
				SWIFT_OPTIMIZATION_LEVEL = "-O";
				VALIDATE_PRODUCT = YES;
			};
			name = Release;
		};
		CA8DB56129BDEA0D001E586A /* Debug */ = {
			isa = XCBuildConfiguration;
			buildSettings = {
				ASSETCATALOG_COMPILER_APPICON_NAME = AppIcon;
				ASSETCATALOG_COMPILER_GLOBAL_ACCENT_COLOR_NAME = AccentColor;
				CODE_SIGN_STYLE = Automatic;
				CURRENT_PROJECT_VERSION = 1;
				DEVELOPMENT_ASSET_PATHS = "\"TouchDown_SwiftUI/Preview Content\"";
				DEVELOPMENT_TEAM = 5GJ7K7V26K;
				ENABLE_PREVIEWS = YES;
				GENERATE_INFOPLIST_FILE = YES;
				INFOPLIST_FILE = "TouchDown-SwiftUI-Info.plist";
				INFOPLIST_KEY_UIApplicationSceneManifest_Generation = YES;
				INFOPLIST_KEY_UIApplicationSupportsIndirectInputEvents = YES;
				INFOPLIST_KEY_UISupportedInterfaceOrientations = UIInterfaceOrientationPortrait;
				INFOPLIST_KEY_UISupportedInterfaceOrientations_iPad = "UIInterfaceOrientationLandscapeLeft UIInterfaceOrientationLandscapeRight UIInterfaceOrientationPortrait UIInterfaceOrientationPortraitUpsideDown";
				INFOPLIST_KEY_UIUserInterfaceStyle = Light;
				LD_RUNPATH_SEARCH_PATHS = (
					"$(inherited)",
					"@executable_path/Frameworks",
				);
				MARKETING_VERSION = 1.0;
				PRODUCT_BUNDLE_IDENTIFIER = "com.denmel.TouchDown-SwiftUI";
				PRODUCT_NAME = "$(TARGET_NAME)";
				SWIFT_EMIT_LOC_STRINGS = YES;
				SWIFT_VERSION = 5.0;
				TARGETED_DEVICE_FAMILY = "1,2";
			};
			name = Debug;
		};
		CA8DB56229BDEA0D001E586A /* Release */ = {
			isa = XCBuildConfiguration;
			buildSettings = {
				ASSETCATALOG_COMPILER_APPICON_NAME = AppIcon;
				ASSETCATALOG_COMPILER_GLOBAL_ACCENT_COLOR_NAME = AccentColor;
				CODE_SIGN_STYLE = Automatic;
				CURRENT_PROJECT_VERSION = 1;
				DEVELOPMENT_ASSET_PATHS = "\"TouchDown_SwiftUI/Preview Content\"";
				DEVELOPMENT_TEAM = 5GJ7K7V26K;
				ENABLE_PREVIEWS = YES;
				GENERATE_INFOPLIST_FILE = YES;
				INFOPLIST_FILE = "TouchDown-SwiftUI-Info.plist";
				INFOPLIST_KEY_UIApplicationSceneManifest_Generation = YES;
				INFOPLIST_KEY_UIApplicationSupportsIndirectInputEvents = YES;
				INFOPLIST_KEY_UISupportedInterfaceOrientations = UIInterfaceOrientationPortrait;
				INFOPLIST_KEY_UISupportedInterfaceOrientations_iPad = "UIInterfaceOrientationLandscapeLeft UIInterfaceOrientationLandscapeRight UIInterfaceOrientationPortrait UIInterfaceOrientationPortraitUpsideDown";
				INFOPLIST_KEY_UIUserInterfaceStyle = Light;
				LD_RUNPATH_SEARCH_PATHS = (
					"$(inherited)",
					"@executable_path/Frameworks",
				);
				MARKETING_VERSION = 1.0;
				PRODUCT_BUNDLE_IDENTIFIER = "com.denmel.TouchDown-SwiftUI";
				PRODUCT_NAME = "$(TARGET_NAME)";
				SWIFT_EMIT_LOC_STRINGS = YES;
				SWIFT_VERSION = 5.0;
				TARGETED_DEVICE_FAMILY = "1,2";
			};
			name = Release;
		};
/* End XCBuildConfiguration section */

/* Begin XCConfigurationList section */
		CA8DB54D29BDEA0B001E586A /* Build configuration list for PBXProject "TouchDown_SwiftUI" */ = {
			isa = XCConfigurationList;
			buildConfigurations = (
				CA8DB55E29BDEA0D001E586A /* Debug */,
				CA8DB55F29BDEA0D001E586A /* Release */,
			);
			defaultConfigurationIsVisible = 0;
			defaultConfigurationName = Release;
		};
		CA8DB56029BDEA0D001E586A /* Build configuration list for PBXNativeTarget "TouchDown_SwiftUI" */ = {
			isa = XCConfigurationList;
			buildConfigurations = (
				CA8DB56129BDEA0D001E586A /* Debug */,
				CA8DB56229BDEA0D001E586A /* Release */,
			);
			defaultConfigurationIsVisible = 0;
			defaultConfigurationName = Release;
		};
/* End XCConfigurationList section */
	};
	rootObject = CA8DB54A29BDEA0B001E586A /* Project object */;
}
